// !$*UTF8*$!
{
	archiveVersion = 1;
	classes = {
	};
	objectVersion = 51;
	objects = {

/* Begin PBXBuildFile section */
		0607C91C2535A72C0009A476 /* StorageDataProvider.swift in Sources */ = {isa = PBXBuildFile; fileRef = 0607C91B2535A72C0009A476 /* StorageDataProvider.swift */; };
		0609A64E253DF72300E2134A /* CoreDataStack.swift in Sources */ = {isa = PBXBuildFile; fileRef = 0609A64D253DF72300E2134A /* CoreDataStack.swift */; };
		0615D30425386997007C0896 /* GroupedApodsRoute.swift in Sources */ = {isa = PBXBuildFile; fileRef = 0615D30325386997007C0896 /* GroupedApodsRoute.swift */; };
		0615D30725386AA0007C0896 /* GroupedApodsRouter.swift in Sources */ = {isa = PBXBuildFile; fileRef = 0615D30625386AA0007C0896 /* GroupedApodsRouter.swift */; };
		0615D30F25388168007C0896 /* GroupedApodsModule.swift in Sources */ = {isa = PBXBuildFile; fileRef = 0615D30E25388168007C0896 /* GroupedApodsModule.swift */; };
		061D55FD253436FA003E3E03 /* HelloEternityDataModel.xcdatamodeld in Sources */ = {isa = PBXBuildFile; fileRef = 061D55FB253436FA003E3E03 /* HelloEternityDataModel.xcdatamodeld */; };
		061D560A2534535D003E3E03 /* GroupedApodsContentView.swift in Sources */ = {isa = PBXBuildFile; fileRef = 061D56092534535D003E3E03 /* GroupedApodsContentView.swift */; };
		061D561325345ED9003E3E03 /* SingleApodRoute.swift in Sources */ = {isa = PBXBuildFile; fileRef = 061D561225345ED9003E3E03 /* SingleApodRoute.swift */; };
		061D561625345F9B003E3E03 /* SingleApodModule.swift in Sources */ = {isa = PBXBuildFile; fileRef = 061D561525345F9B003E3E03 /* SingleApodModule.swift */; };
		061D561925346005003E3E03 /* SingleApodRouter.swift in Sources */ = {isa = PBXBuildFile; fileRef = 061D561825346005003E3E03 /* SingleApodRouter.swift */; };
		062A3B592530719200B2A5D9 /* API.swift in Sources */ = {isa = PBXBuildFile; fileRef = 062A3B582530719200B2A5D9 /* API.swift */; };
		062A3B5D2530719F00B2A5D9 /* MoyaAPI.swift in Sources */ = {isa = PBXBuildFile; fileRef = 062A3B5C2530719F00B2A5D9 /* MoyaAPI.swift */; };
		062A3B64253072DB00B2A5D9 /* ApodDataFromAPI.swift in Sources */ = {isa = PBXBuildFile; fileRef = 062A3B63253072DB00B2A5D9 /* ApodDataFromAPI.swift */; };
		062A3B68253074C500B2A5D9 /* APIConstants.swift in Sources */ = {isa = PBXBuildFile; fileRef = 062A3B67253074C500B2A5D9 /* APIConstants.swift */; };
		062A3B6B253076D400B2A5D9 /* NetworkDataProvider.swift in Sources */ = {isa = PBXBuildFile; fileRef = 062A3B6A253076D400B2A5D9 /* NetworkDataProvider.swift */; };
		062A3B6F2530931200B2A5D9 /* MediaFromURLRequest.swift in Sources */ = {isa = PBXBuildFile; fileRef = 062A3B6E2530931200B2A5D9 /* MediaFromURLRequest.swift */; };
		062A3B732530A03C00B2A5D9 /* String+deletingPrefix.swift in Sources */ = {isa = PBXBuildFile; fileRef = 062A3B722530A03C00B2A5D9 /* String+deletingPrefix.swift */; };
		062C610E2539AEF900889A76 /* ApodForDateRequest.swift in Sources */ = {isa = PBXBuildFile; fileRef = 062C610D2539AEF900889A76 /* ApodForDateRequest.swift */; };
		0671D1FB252EFB800087EC9F /* Router.swift in Sources */ = {isa = PBXBuildFile; fileRef = 0671D1FA252EFB800087EC9F /* Router.swift */; };
		0671D1FE252EFB890087EC9F /* Animator.swift in Sources */ = {isa = PBXBuildFile; fileRef = 0671D1FD252EFB890087EC9F /* Animator.swift */; };
		0671D203252EFBCC0087EC9F /* Transition.swift in Sources */ = {isa = PBXBuildFile; fileRef = 0671D202252EFBCC0087EC9F /* Transition.swift */; };
		0671D206252EFBD70087EC9F /* PushTransition.swift in Sources */ = {isa = PBXBuildFile; fileRef = 0671D205252EFBD70087EC9F /* PushTransition.swift */; };
		0671D209252EFBE40087EC9F /* ModalTransition.swift in Sources */ = {isa = PBXBuildFile; fileRef = 0671D208252EFBE40087EC9F /* ModalTransition.swift */; };
		0671D20E252F080A0087EC9F /* MainRouter.swift in Sources */ = {isa = PBXBuildFile; fileRef = 0671D20D252F080A0087EC9F /* MainRouter.swift */; };
		067E433E252F09660033F6E2 /* MainModuleBuilder.swift in Sources */ = {isa = PBXBuildFile; fileRef = 067E433D252F09660033F6E2 /* MainModuleBuilder.swift */; };
		067E4341252F09A00033F6E2 /* MainViewModel.swift in Sources */ = {isa = PBXBuildFile; fileRef = 067E4340252F09A00033F6E2 /* MainViewModel.swift */; };
		067E4345252F0A610033F6E2 /* ApodRoute.swift in Sources */ = {isa = PBXBuildFile; fileRef = 067E4344252F0A610033F6E2 /* ApodRoute.swift */; };
		067EB870252F2D0C00230739 /* AppConstants.swift in Sources */ = {isa = PBXBuildFile; fileRef = 067EB86F252F2D0C00230739 /* AppConstants.swift */; };
		067EB874252F2DC300230739 /* ReusableView.swift in Sources */ = {isa = PBXBuildFile; fileRef = 067EB873252F2DC300230739 /* ReusableView.swift */; };
		067EB879252F3FB900230739 /* Localizable.strings in Resources */ = {isa = PBXBuildFile; fileRef = 067EB877252F3FB900230739 /* Localizable.strings */; };
		067EB87C252F40DF00230739 /* colors.txt in Resources */ = {isa = PBXBuildFile; fileRef = 067EB87B252F40DF00230739 /* colors.txt */; };
		067EB889252F43C500230739 /* Strings.swift in Sources */ = {isa = PBXBuildFile; fileRef = 067EB886252F43C500230739 /* Strings.swift */; };
		067EB88A252F43C500230739 /* Assets.swift in Sources */ = {isa = PBXBuildFile; fileRef = 067EB887252F43C500230739 /* Assets.swift */; };
		067EB88B252F43C500230739 /* Colors.swift in Sources */ = {isa = PBXBuildFile; fileRef = 067EB888252F43C500230739 /* Colors.swift */; };
		067EB8AA252F4DD700230739 /* SingleApodViewController.swift in Sources */ = {isa = PBXBuildFile; fileRef = 067EB8A9252F4DD700230739 /* SingleApodViewController.swift */; };
		067EB8AD252F4DFB00230739 /* GroupedApodsViewController.swift in Sources */ = {isa = PBXBuildFile; fileRef = 067EB8AC252F4DFB00230739 /* GroupedApodsViewController.swift */; };
		067EB8B0252F4E5100230739 /* SingleApodViewModel.swift in Sources */ = {isa = PBXBuildFile; fileRef = 067EB8AF252F4E5100230739 /* SingleApodViewModel.swift */; };
		067EB8B3252F4E6E00230739 /* GroupedApodsViewModel.swift in Sources */ = {isa = PBXBuildFile; fileRef = 067EB8B2252F4E6E00230739 /* GroupedApodsViewModel.swift */; };
		067EB8B8252F534900230739 /* SingleApodContentView.swift in Sources */ = {isa = PBXBuildFile; fileRef = 067EB8B7252F534900230739 /* SingleApodContentView.swift */; };
		06A4D145252F101800543AB4 /* ApodModule.swift in Sources */ = {isa = PBXBuildFile; fileRef = 06A4D144252F101800543AB4 /* ApodModule.swift */; };
		06A4D148252F108A00543AB4 /* ApodViewModel.swift in Sources */ = {isa = PBXBuildFile; fileRef = 06A4D147252F108A00543AB4 /* ApodViewModel.swift */; };
		06A4D14B252F117B00543AB4 /* ApodRouter.swift in Sources */ = {isa = PBXBuildFile; fileRef = 06A4D14A252F117B00543AB4 /* ApodRouter.swift */; };
		06A4D14E252F119800543AB4 /* ApodViewController.swift in Sources */ = {isa = PBXBuildFile; fileRef = 06A4D14D252F119800543AB4 /* ApodViewController.swift */; };
		06B69ADC252E0E8D00CE87DA /* MainCollectionView.swift in Sources */ = {isa = PBXBuildFile; fileRef = 06B69ADB252E0E8D00CE87DA /* MainCollectionView.swift */; };
		06C257BC252CB95F00ABA929 /* AppDelegate.swift in Sources */ = {isa = PBXBuildFile; fileRef = 06C257BB252CB95F00ABA929 /* AppDelegate.swift */; };
		06C257BE252CB95F00ABA929 /* MainViewController.swift in Sources */ = {isa = PBXBuildFile; fileRef = 06C257BD252CB95F00ABA929 /* MainViewController.swift */; };
		06C257C3252CB96300ABA929 /* Assets.xcassets in Resources */ = {isa = PBXBuildFile; fileRef = 06C257C2252CB96300ABA929 /* Assets.xcassets */; };
		06C257C6252CB96300ABA929 /* LaunchScreen.storyboard in Resources */ = {isa = PBXBuildFile; fileRef = 06C257C4252CB96300ABA929 /* LaunchScreen.storyboard */; };
		06DBC44F2535BF38009818B8 /* MediaFilesProvider.swift in Sources */ = {isa = PBXBuildFile; fileRef = 06DBC44E2535BF38009818B8 /* MediaFilesProvider.swift */; };
		35F61F992C83059E5CAC5B10 /* Pods_Hello_Eternity.framework in Frameworks */ = {isa = PBXBuildFile; fileRef = ADFDA3CBDAE76FA2AA9388A5 /* Pods_Hello_Eternity.framework */; };
/* End PBXBuildFile section */

/* Begin PBXFileReference section */
		0607C91B2535A72C0009A476 /* StorageDataProvider.swift */ = {isa = PBXFileReference; lastKnownFileType = sourcecode.swift; path = StorageDataProvider.swift; sourceTree = "<group>"; };
		0609A64D253DF72300E2134A /* CoreDataStack.swift */ = {isa = PBXFileReference; lastKnownFileType = sourcecode.swift; path = CoreDataStack.swift; sourceTree = "<group>"; };
		0615D30325386997007C0896 /* GroupedApodsRoute.swift */ = {isa = PBXFileReference; lastKnownFileType = sourcecode.swift; path = GroupedApodsRoute.swift; sourceTree = "<group>"; };
		0615D30625386AA0007C0896 /* GroupedApodsRouter.swift */ = {isa = PBXFileReference; lastKnownFileType = sourcecode.swift; path = GroupedApodsRouter.swift; sourceTree = "<group>"; };
		0615D30E25388168007C0896 /* GroupedApodsModule.swift */ = {isa = PBXFileReference; lastKnownFileType = sourcecode.swift; path = GroupedApodsModule.swift; sourceTree = "<group>"; };
		061D55FC253436FA003E3E03 /* HelloEternityDataModel.xcdatamodel */ = {isa = PBXFileReference; lastKnownFileType = wrapper.xcdatamodel; path = HelloEternityDataModel.xcdatamodel; sourceTree = "<group>"; };
		061D56092534535D003E3E03 /* GroupedApodsContentView.swift */ = {isa = PBXFileReference; lastKnownFileType = sourcecode.swift; path = GroupedApodsContentView.swift; sourceTree = "<group>"; };
		061D561225345ED9003E3E03 /* SingleApodRoute.swift */ = {isa = PBXFileReference; lastKnownFileType = sourcecode.swift; path = SingleApodRoute.swift; sourceTree = "<group>"; };
		061D561525345F9B003E3E03 /* SingleApodModule.swift */ = {isa = PBXFileReference; lastKnownFileType = sourcecode.swift; path = SingleApodModule.swift; sourceTree = "<group>"; };
		061D561825346005003E3E03 /* SingleApodRouter.swift */ = {isa = PBXFileReference; lastKnownFileType = sourcecode.swift; path = SingleApodRouter.swift; sourceTree = "<group>"; };
		062A3B582530719200B2A5D9 /* API.swift */ = {isa = PBXFileReference; lastKnownFileType = sourcecode.swift; path = API.swift; sourceTree = "<group>"; };
		062A3B5C2530719F00B2A5D9 /* MoyaAPI.swift */ = {isa = PBXFileReference; lastKnownFileType = sourcecode.swift; path = MoyaAPI.swift; sourceTree = "<group>"; };
		062A3B63253072DB00B2A5D9 /* ApodDataFromAPI.swift */ = {isa = PBXFileReference; lastKnownFileType = sourcecode.swift; path = ApodDataFromAPI.swift; sourceTree = "<group>"; };
		062A3B67253074C500B2A5D9 /* APIConstants.swift */ = {isa = PBXFileReference; lastKnownFileType = sourcecode.swift; path = APIConstants.swift; sourceTree = "<group>"; };
		062A3B6A253076D400B2A5D9 /* NetworkDataProvider.swift */ = {isa = PBXFileReference; lastKnownFileType = sourcecode.swift; path = NetworkDataProvider.swift; sourceTree = "<group>"; };
		062A3B6E2530931200B2A5D9 /* MediaFromURLRequest.swift */ = {isa = PBXFileReference; lastKnownFileType = sourcecode.swift; path = MediaFromURLRequest.swift; sourceTree = "<group>"; };
		062A3B722530A03C00B2A5D9 /* String+deletingPrefix.swift */ = {isa = PBXFileReference; lastKnownFileType = sourcecode.swift; path = "String+deletingPrefix.swift"; sourceTree = "<group>"; };
		062C610D2539AEF900889A76 /* ApodForDateRequest.swift */ = {isa = PBXFileReference; lastKnownFileType = sourcecode.swift; path = ApodForDateRequest.swift; sourceTree = "<group>"; };
		0671D1FA252EFB800087EC9F /* Router.swift */ = {isa = PBXFileReference; lastKnownFileType = sourcecode.swift; path = Router.swift; sourceTree = "<group>"; };
		0671D1FD252EFB890087EC9F /* Animator.swift */ = {isa = PBXFileReference; lastKnownFileType = sourcecode.swift; path = Animator.swift; sourceTree = "<group>"; };
		0671D202252EFBCC0087EC9F /* Transition.swift */ = {isa = PBXFileReference; lastKnownFileType = sourcecode.swift; path = Transition.swift; sourceTree = "<group>"; };
		0671D205252EFBD70087EC9F /* PushTransition.swift */ = {isa = PBXFileReference; lastKnownFileType = sourcecode.swift; path = PushTransition.swift; sourceTree = "<group>"; };
		0671D208252EFBE40087EC9F /* ModalTransition.swift */ = {isa = PBXFileReference; lastKnownFileType = sourcecode.swift; path = ModalTransition.swift; sourceTree = "<group>"; };
		0671D20D252F080A0087EC9F /* MainRouter.swift */ = {isa = PBXFileReference; lastKnownFileType = sourcecode.swift; path = MainRouter.swift; sourceTree = "<group>"; };
		067E433D252F09660033F6E2 /* MainModuleBuilder.swift */ = {isa = PBXFileReference; lastKnownFileType = sourcecode.swift; path = MainModuleBuilder.swift; sourceTree = "<group>"; };
		067E4340252F09A00033F6E2 /* MainViewModel.swift */ = {isa = PBXFileReference; lastKnownFileType = sourcecode.swift; path = MainViewModel.swift; sourceTree = "<group>"; };
		067E4344252F0A610033F6E2 /* ApodRoute.swift */ = {isa = PBXFileReference; lastKnownFileType = sourcecode.swift; path = ApodRoute.swift; sourceTree = "<group>"; };
		067EB86F252F2D0C00230739 /* AppConstants.swift */ = {isa = PBXFileReference; lastKnownFileType = sourcecode.swift; path = AppConstants.swift; sourceTree = "<group>"; };
		067EB873252F2DC300230739 /* ReusableView.swift */ = {isa = PBXFileReference; lastKnownFileType = sourcecode.swift; path = ReusableView.swift; sourceTree = "<group>"; };
		067EB878252F3FB900230739 /* Base */ = {isa = PBXFileReference; lastKnownFileType = text.plist.strings; name = Base; path = Base.lproj/Localizable.strings; sourceTree = "<group>"; };
		067EB87B252F40DF00230739 /* colors.txt */ = {isa = PBXFileReference; fileEncoding = 4; lastKnownFileType = text; path = colors.txt; sourceTree = "<group>"; };
		067EB886252F43C500230739 /* Strings.swift */ = {isa = PBXFileReference; fileEncoding = 4; lastKnownFileType = sourcecode.swift; path = Strings.swift; sourceTree = "<group>"; };
		067EB887252F43C500230739 /* Assets.swift */ = {isa = PBXFileReference; fileEncoding = 4; lastKnownFileType = sourcecode.swift; path = Assets.swift; sourceTree = "<group>"; };
		067EB888252F43C500230739 /* Colors.swift */ = {isa = PBXFileReference; fileEncoding = 4; lastKnownFileType = sourcecode.swift; path = Colors.swift; sourceTree = "<group>"; };
		067EB8A9252F4DD700230739 /* SingleApodViewController.swift */ = {isa = PBXFileReference; lastKnownFileType = sourcecode.swift; path = SingleApodViewController.swift; sourceTree = "<group>"; };
		067EB8AC252F4DFB00230739 /* GroupedApodsViewController.swift */ = {isa = PBXFileReference; lastKnownFileType = sourcecode.swift; path = GroupedApodsViewController.swift; sourceTree = "<group>"; };
		067EB8AF252F4E5100230739 /* SingleApodViewModel.swift */ = {isa = PBXFileReference; lastKnownFileType = sourcecode.swift; path = SingleApodViewModel.swift; sourceTree = "<group>"; };
		067EB8B2252F4E6E00230739 /* GroupedApodsViewModel.swift */ = {isa = PBXFileReference; lastKnownFileType = sourcecode.swift; path = GroupedApodsViewModel.swift; sourceTree = "<group>"; };
		067EB8B7252F534900230739 /* SingleApodContentView.swift */ = {isa = PBXFileReference; lastKnownFileType = sourcecode.swift; path = SingleApodContentView.swift; sourceTree = "<group>"; };
		06A4D144252F101800543AB4 /* ApodModule.swift */ = {isa = PBXFileReference; lastKnownFileType = sourcecode.swift; path = ApodModule.swift; sourceTree = "<group>"; };
		06A4D147252F108A00543AB4 /* ApodViewModel.swift */ = {isa = PBXFileReference; lastKnownFileType = sourcecode.swift; path = ApodViewModel.swift; sourceTree = "<group>"; };
		06A4D14A252F117B00543AB4 /* ApodRouter.swift */ = {isa = PBXFileReference; lastKnownFileType = sourcecode.swift; path = ApodRouter.swift; sourceTree = "<group>"; };
		06A4D14D252F119800543AB4 /* ApodViewController.swift */ = {isa = PBXFileReference; lastKnownFileType = sourcecode.swift; path = ApodViewController.swift; sourceTree = "<group>"; };
		06B69ADB252E0E8D00CE87DA /* MainCollectionView.swift */ = {isa = PBXFileReference; lastKnownFileType = sourcecode.swift; path = MainCollectionView.swift; sourceTree = "<group>"; };
		06C257B8252CB95F00ABA929 /* Hello Eternity.app */ = {isa = PBXFileReference; explicitFileType = wrapper.application; includeInIndex = 0; path = "Hello Eternity.app"; sourceTree = BUILT_PRODUCTS_DIR; };
		06C257BB252CB95F00ABA929 /* AppDelegate.swift */ = {isa = PBXFileReference; lastKnownFileType = sourcecode.swift; path = AppDelegate.swift; sourceTree = "<group>"; };
		06C257BD252CB95F00ABA929 /* MainViewController.swift */ = {isa = PBXFileReference; lastKnownFileType = sourcecode.swift; path = MainViewController.swift; sourceTree = "<group>"; };
		06C257C2252CB96300ABA929 /* Assets.xcassets */ = {isa = PBXFileReference; lastKnownFileType = folder.assetcatalog; path = Assets.xcassets; sourceTree = "<group>"; };
		06C257C5252CB96300ABA929 /* Base */ = {isa = PBXFileReference; lastKnownFileType = file.storyboard; name = Base; path = Base.lproj/LaunchScreen.storyboard; sourceTree = "<group>"; };
		06C257C7252CB96300ABA929 /* Info.plist */ = {isa = PBXFileReference; lastKnownFileType = text.plist.xml; path = Info.plist; sourceTree = "<group>"; };
		06DBC44E2535BF38009818B8 /* MediaFilesProvider.swift */ = {isa = PBXFileReference; lastKnownFileType = sourcecode.swift; path = MediaFilesProvider.swift; sourceTree = "<group>"; };
		6188DB9552473FE9046D2282 /* Pods-Hello Eternity.release.xcconfig */ = {isa = PBXFileReference; includeInIndex = 1; lastKnownFileType = text.xcconfig; name = "Pods-Hello Eternity.release.xcconfig"; path = "Target Support Files/Pods-Hello Eternity/Pods-Hello Eternity.release.xcconfig"; sourceTree = "<group>"; };
		ADFDA3CBDAE76FA2AA9388A5 /* Pods_Hello_Eternity.framework */ = {isa = PBXFileReference; explicitFileType = wrapper.framework; includeInIndex = 0; path = Pods_Hello_Eternity.framework; sourceTree = BUILT_PRODUCTS_DIR; };
		C044FA886559E2D9E1BAC494 /* Pods-Hello Eternity.debug.xcconfig */ = {isa = PBXFileReference; includeInIndex = 1; lastKnownFileType = text.xcconfig; name = "Pods-Hello Eternity.debug.xcconfig"; path = "Target Support Files/Pods-Hello Eternity/Pods-Hello Eternity.debug.xcconfig"; sourceTree = "<group>"; };
/* End PBXFileReference section */

/* Begin PBXFrameworksBuildPhase section */
		06C257B5252CB95F00ABA929 /* Frameworks */ = {
			isa = PBXFrameworksBuildPhase;
			buildActionMask = 2147483647;
			files = (
				35F61F992C83059E5CAC5B10 /* Pods_Hello_Eternity.framework in Frameworks */,
			);
			runOnlyForDeploymentPostprocessing = 0;
		};
/* End PBXFrameworksBuildPhase section */

/* Begin PBXGroup section */
		0607C91A2535A7120009A476 /* Providers */ = {
			isa = PBXGroup;
			children = (
				062A3B6A253076D400B2A5D9 /* NetworkDataProvider.swift */,
				0607C91B2535A72C0009A476 /* StorageDataProvider.swift */,
				06DBC44E2535BF38009818B8 /* MediaFilesProvider.swift */,
			);
			path = Providers;
			sourceTree = "<group>";
		};
		0609A650253DF9D500E2134A /* CoreDataStack */ = {
			isa = PBXGroup;
			children = (
				0609A64D253DF72300E2134A /* CoreDataStack.swift */,
			);
			path = CoreDataStack;
			sourceTree = "<group>";
		};
		0615D3222538838C007C0896 /* Routing */ = {
			isa = PBXGroup;
			children = (
				061D561525345F9B003E3E03 /* SingleApodModule.swift */,
				061D561825346005003E3E03 /* SingleApodRouter.swift */,
			);
			path = Routing;
			sourceTree = "<group>";
		};
		0615D323253883B7007C0896 /* View */ = {
			isa = PBXGroup;
			children = (
				067EB8B7252F534900230739 /* SingleApodContentView.swift */,
				067EB8A9252F4DD700230739 /* SingleApodViewController.swift */,
			);
			path = View;
			sourceTree = "<group>";
		};
		0615D324253883CF007C0896 /* Routing */ = {
			isa = PBXGroup;
			children = (
				0615D30E25388168007C0896 /* GroupedApodsModule.swift */,
				0615D30625386AA0007C0896 /* GroupedApodsRouter.swift */,
			);
			path = Routing;
			sourceTree = "<group>";
		};
		0615D325253883DA007C0896 /* View */ = {
			isa = PBXGroup;
			children = (
				061D56092534535D003E3E03 /* GroupedApodsContentView.swift */,
				067EB8AC252F4DFB00230739 /* GroupedApodsViewController.swift */,
			);
			path = View;
			sourceTree = "<group>";
		};
		0615D32725388420007C0896 /* Base */ = {
			isa = PBXGroup;
			children = (
				0615D3282538844B007C0896 /* Routing */,
				06A4D147252F108A00543AB4 /* ApodViewModel.swift */,
				06A4D14D252F119800543AB4 /* ApodViewController.swift */,
			);
			path = Base;
			sourceTree = "<group>";
		};
		0615D3282538844B007C0896 /* Routing */ = {
			isa = PBXGroup;
			children = (
				06A4D144252F101800543AB4 /* ApodModule.swift */,
				06A4D14A252F117B00543AB4 /* ApodRouter.swift */,
			);
			path = Routing;
			sourceTree = "<group>";
		};
		0615D32925388464007C0896 /* Routing */ = {
			isa = PBXGroup;
			children = (
				067E433D252F09660033F6E2 /* MainModuleBuilder.swift */,
				0671D20D252F080A0087EC9F /* MainRouter.swift */,
			);
			path = Routing;
			sourceTree = "<group>";
		};
		0615D33125388577007C0896 /* API */ = {
			isa = PBXGroup;
			children = (
				062A3B5C2530719F00B2A5D9 /* MoyaAPI.swift */,
				062A3B582530719200B2A5D9 /* API.swift */,
			);
			path = API;
			sourceTree = "<group>";
		};
		062A3B572530716D00B2A5D9 /* Networking */ = {
			isa = PBXGroup;
			children = (
				0615D33125388577007C0896 /* API */,
				062A3B6D253092F400B2A5D9 /* Requests */,
			);
			path = Networking;
			sourceTree = "<group>";
		};
		062A3B62253072B400B2A5D9 /* Model */ = {
			isa = PBXGroup;
			children = (
				062A3B63253072DB00B2A5D9 /* ApodDataFromAPI.swift */,
				061D55FB253436FA003E3E03 /* HelloEternityDataModel.xcdatamodeld */,
			);
			path = Model;
			sourceTree = "<group>";
		};
		062A3B6D253092F400B2A5D9 /* Requests */ = {
			isa = PBXGroup;
			children = (
				062A3B6E2530931200B2A5D9 /* MediaFromURLRequest.swift */,
				062C610D2539AEF900889A76 /* ApodForDateRequest.swift */,
			);
			path = Requests;
			sourceTree = "<group>";
		};
		0671D1F9252EFB420087EC9F /* Routing */ = {
			isa = PBXGroup;
			children = (
				0671D1FA252EFB800087EC9F /* Router.swift */,
				0671D1FD252EFB890087EC9F /* Animator.swift */,
				0671D200252EFBA10087EC9F /* Transitions */,
				0671D201252EFBAC0087EC9F /* Routes */,
			);
			path = Routing;
			sourceTree = "<group>";
		};
		0671D200252EFBA10087EC9F /* Transitions */ = {
			isa = PBXGroup;
			children = (
				0671D202252EFBCC0087EC9F /* Transition.swift */,
				0671D205252EFBD70087EC9F /* PushTransition.swift */,
				0671D208252EFBE40087EC9F /* ModalTransition.swift */,
			);
			path = Transitions;
			sourceTree = "<group>";
		};
		0671D201252EFBAC0087EC9F /* Routes */ = {
			isa = PBXGroup;
			children = (
				067E4344252F0A610033F6E2 /* ApodRoute.swift */,
				061D561225345ED9003E3E03 /* SingleApodRoute.swift */,
				0615D30325386997007C0896 /* GroupedApodsRoute.swift */,
			);
			path = Routes;
			sourceTree = "<group>";
		};
		0671D20B252F06860087EC9F /* Modules */ = {
			isa = PBXGroup;
			children = (
				06ED499F252E04A9006579F0 /* MainMenu */,
				067E4343252F0A230033F6E2 /* Apod */,
			);
			path = Modules;
			sourceTree = "<group>";
		};
		067E4343252F0A230033F6E2 /* Apod */ = {
			isa = PBXGroup;
			children = (
				0615D32725388420007C0896 /* Base */,
				067EB8A6252F4D5C00230739 /* Single */,
				067EB8A7252F4D5F00230739 /* Grouped */,
			);
			path = Apod;
			sourceTree = "<group>";
		};
		067EB86E252F2CE900230739 /* Reusable */ = {
			isa = PBXGroup;
			children = (
				067EB86F252F2D0C00230739 /* AppConstants.swift */,
				062A3B67253074C500B2A5D9 /* APIConstants.swift */,
			);
			path = Reusable;
			sourceTree = "<group>";
		};
		067EB872252F2DA000230739 /* Extensions */ = {
			isa = PBXGroup;
			children = (
				067EB873252F2DC300230739 /* ReusableView.swift */,
				062A3B722530A03C00B2A5D9 /* String+deletingPrefix.swift */,
			);
			path = Extensions;
			sourceTree = "<group>";
		};
		067EB885252F43C500230739 /* Generated */ = {
			isa = PBXGroup;
			children = (
				067EB886252F43C500230739 /* Strings.swift */,
				067EB887252F43C500230739 /* Assets.swift */,
				067EB888252F43C500230739 /* Colors.swift */,
			);
			path = Generated;
			sourceTree = "<group>";
		};
		067EB88E252F480A00230739 /* Services */ = {
			isa = PBXGroup;
			children = (
				0609A650253DF9D500E2134A /* CoreDataStack */,
				0607C91A2535A7120009A476 /* Providers */,
				062A3B572530716D00B2A5D9 /* Networking */,
			);
			path = Services;
			sourceTree = "<group>";
		};
		067EB8A6252F4D5C00230739 /* Single */ = {
			isa = PBXGroup;
			children = (
				0615D3222538838C007C0896 /* Routing */,
				0615D323253883B7007C0896 /* View */,
				067EB8AF252F4E5100230739 /* SingleApodViewModel.swift */,
			);
			path = Single;
			sourceTree = "<group>";
		};
		067EB8A7252F4D5F00230739 /* Grouped */ = {
			isa = PBXGroup;
			children = (
				0615D324253883CF007C0896 /* Routing */,
				0615D325253883DA007C0896 /* View */,
				067EB8B2252F4E6E00230739 /* GroupedApodsViewModel.swift */,
			);
			path = Grouped;
			sourceTree = "<group>";
		};
		06C257AF252CB95E00ABA929 = {
			isa = PBXGroup;
			children = (
				06C257BA252CB95F00ABA929 /* Hello Eternity */,
				06C257B9252CB95F00ABA929 /* Products */,
				A3D57FF4F0F652342EDCB84E /* Pods */,
				5C2518C5ED50F6278A932CE2 /* Frameworks */,
			);
			sourceTree = "<group>";
		};
		06C257B9252CB95F00ABA929 /* Products */ = {
			isa = PBXGroup;
			children = (
				06C257B8252CB95F00ABA929 /* Hello Eternity.app */,
			);
			name = Products;
			sourceTree = "<group>";
		};
		06C257BA252CB95F00ABA929 /* Hello Eternity */ = {
			isa = PBXGroup;
			children = (
				06C257BB252CB95F00ABA929 /* AppDelegate.swift */,
				067EB885252F43C500230739 /* Generated */,
				067EB872252F2DA000230739 /* Extensions */,
				062A3B62253072B400B2A5D9 /* Model */,
				0671D20B252F06860087EC9F /* Modules */,
				0671D1F9252EFB420087EC9F /* Routing */,
				06C257CD252CBBF500ABA929 /* Resources */,
				067EB86E252F2CE900230739 /* Reusable */,
				067EB88E252F480A00230739 /* Services */,
			);
			path = "Hello Eternity";
			sourceTree = "<group>";
		};
		06C257CD252CBBF500ABA929 /* Resources */ = {
			isa = PBXGroup;
			children = (
				06C257C2252CB96300ABA929 /* Assets.xcassets */,
				06C257C4252CB96300ABA929 /* LaunchScreen.storyboard */,
				067EB877252F3FB900230739 /* Localizable.strings */,
				06C257C7252CB96300ABA929 /* Info.plist */,
				067EB87B252F40DF00230739 /* colors.txt */,
			);
			path = Resources;
			sourceTree = "<group>";
		};
		06ED499F252E04A9006579F0 /* MainMenu */ = {
			isa = PBXGroup;
			children = (
				0615D32925388464007C0896 /* Routing */,
				067E4340252F09A00033F6E2 /* MainViewModel.swift */,
				06C257BD252CB95F00ABA929 /* MainViewController.swift */,
				06B69ADB252E0E8D00CE87DA /* MainCollectionView.swift */,
			);
			path = MainMenu;
			sourceTree = "<group>";
		};
		5C2518C5ED50F6278A932CE2 /* Frameworks */ = {
			isa = PBXGroup;
			children = (
				ADFDA3CBDAE76FA2AA9388A5 /* Pods_Hello_Eternity.framework */,
			);
			name = Frameworks;
			sourceTree = "<group>";
		};
		A3D57FF4F0F652342EDCB84E /* Pods */ = {
			isa = PBXGroup;
			children = (
				C044FA886559E2D9E1BAC494 /* Pods-Hello Eternity.debug.xcconfig */,
				6188DB9552473FE9046D2282 /* Pods-Hello Eternity.release.xcconfig */,
			);
			path = Pods;
			sourceTree = "<group>";
		};
/* End PBXGroup section */

/* Begin PBXNativeTarget section */
		06C257B7252CB95F00ABA929 /* Hello Eternity */ = {
			isa = PBXNativeTarget;
			buildConfigurationList = 06C257CA252CB96300ABA929 /* Build configuration list for PBXNativeTarget "Hello Eternity" */;
			buildPhases = (
				6AA14E7DDB53B51A3677A776 /* [CP] Check Pods Manifest.lock */,
				06C257B4252CB95F00ABA929 /* Sources */,
				06C257B5252CB95F00ABA929 /* Frameworks */,
				06C257B6252CB95F00ABA929 /* Resources */,
				0347B154C3F61E05E445C975 /* [CP] Embed Pods Frameworks */,
			);
			buildRules = (
			);
			dependencies = (
			);
			name = "Hello Eternity";
			productName = "Hello Eternity";
			productReference = 06C257B8252CB95F00ABA929 /* Hello Eternity.app */;
			productType = "com.apple.product-type.application";
		};
/* End PBXNativeTarget section */

/* Begin PBXProject section */
		06C257B0252CB95E00ABA929 /* Project object */ = {
			isa = PBXProject;
			attributes = {
				LastSwiftUpdateCheck = 1000;
				LastUpgradeCheck = 1200;
				TargetAttributes = {
					06C257B7252CB95F00ABA929 = {
						CreatedOnToolsVersion = 10.0;
						LastSwiftMigration = 1200;
					};
				};
			};
			buildConfigurationList = 06C257B3252CB95E00ABA929 /* Build configuration list for PBXProject "Hello Eternity" */;
			compatibilityVersion = "Xcode 9.3";
			developmentRegion = en;
			hasScannedForEncodings = 0;
			knownRegions = (
				en,
				Base,
			);
			mainGroup = 06C257AF252CB95E00ABA929;
			productRefGroup = 06C257B9252CB95F00ABA929 /* Products */;
			projectDirPath = "";
			projectRoot = "";
			targets = (
				06C257B7252CB95F00ABA929 /* Hello Eternity */,
			);
		};
/* End PBXProject section */

/* Begin PBXResourcesBuildPhase section */
		06C257B6252CB95F00ABA929 /* Resources */ = {
			isa = PBXResourcesBuildPhase;
			buildActionMask = 2147483647;
			files = (
				06C257C6252CB96300ABA929 /* LaunchScreen.storyboard in Resources */,
				067EB879252F3FB900230739 /* Localizable.strings in Resources */,
				067EB87C252F40DF00230739 /* colors.txt in Resources */,
				06C257C3252CB96300ABA929 /* Assets.xcassets in Resources */,
			);
			runOnlyForDeploymentPostprocessing = 0;
		};
/* End PBXResourcesBuildPhase section */

/* Begin PBXShellScriptBuildPhase section */
		0347B154C3F61E05E445C975 /* [CP] Embed Pods Frameworks */ = {
			isa = PBXShellScriptBuildPhase;
			buildActionMask = 2147483647;
			files = (
			);
			inputFileListPaths = (
				"${PODS_ROOT}/Target Support Files/Pods-Hello Eternity/Pods-Hello Eternity-frameworks-${CONFIGURATION}-input-files.xcfilelist",
			);
			name = "[CP] Embed Pods Frameworks";
			outputFileListPaths = (
				"${PODS_ROOT}/Target Support Files/Pods-Hello Eternity/Pods-Hello Eternity-frameworks-${CONFIGURATION}-output-files.xcfilelist",
			);
			runOnlyForDeploymentPostprocessing = 0;
			shellPath = /bin/sh;
			shellScript = "\"${PODS_ROOT}/Target Support Files/Pods-Hello Eternity/Pods-Hello Eternity-frameworks.sh\"\n";
			showEnvVarsInLog = 0;
		};
		6AA14E7DDB53B51A3677A776 /* [CP] Check Pods Manifest.lock */ = {
			isa = PBXShellScriptBuildPhase;
			buildActionMask = 2147483647;
			files = (
			);
			inputFileListPaths = (
			);
			inputPaths = (
				"${PODS_PODFILE_DIR_PATH}/Podfile.lock",
				"${PODS_ROOT}/Manifest.lock",
			);
			name = "[CP] Check Pods Manifest.lock";
			outputFileListPaths = (
			);
			outputPaths = (
				"$(DERIVED_FILE_DIR)/Pods-Hello Eternity-checkManifestLockResult.txt",
			);
			runOnlyForDeploymentPostprocessing = 0;
			shellPath = /bin/sh;
			shellScript = "diff \"${PODS_PODFILE_DIR_PATH}/Podfile.lock\" \"${PODS_ROOT}/Manifest.lock\" > /dev/null\nif [ $? != 0 ] ; then\n    # print error to STDERR\n    echo \"error: The sandbox is not in sync with the Podfile.lock. Run 'pod install' or update your CocoaPods installation.\" >&2\n    exit 1\nfi\n# This output is used by Xcode 'outputs' to avoid re-running this script phase.\necho \"SUCCESS\" > \"${SCRIPT_OUTPUT_FILE_0}\"\n";
			showEnvVarsInLog = 0;
		};
/* End PBXShellScriptBuildPhase section */

/* Begin PBXSourcesBuildPhase section */
		06C257B4252CB95F00ABA929 /* Sources */ = {
			isa = PBXSourcesBuildPhase;
			buildActionMask = 2147483647;
			files = (
				067EB8B8252F534900230739 /* SingleApodContentView.swift in Sources */,
				06A4D148252F108A00543AB4 /* ApodViewModel.swift in Sources */,
				0615D30425386997007C0896 /* GroupedApodsRoute.swift in Sources */,
				062A3B6F2530931200B2A5D9 /* MediaFromURLRequest.swift in Sources */,
				067EB870252F2D0C00230739 /* AppConstants.swift in Sources */,
				0671D209252EFBE40087EC9F /* ModalTransition.swift in Sources */,
				0671D20E252F080A0087EC9F /* MainRouter.swift in Sources */,
				06A4D14B252F117B00543AB4 /* ApodRouter.swift in Sources */,
				0615D30F25388168007C0896 /* GroupedApodsModule.swift in Sources */,
				067EB889252F43C500230739 /* Strings.swift in Sources */,
				062A3B64253072DB00B2A5D9 /* ApodDataFromAPI.swift in Sources */,
				062A3B592530719200B2A5D9 /* API.swift in Sources */,
				062C610E2539AEF900889A76 /* ApodForDateRequest.swift in Sources */,
				062A3B5D2530719F00B2A5D9 /* MoyaAPI.swift in Sources */,
				0671D203252EFBCC0087EC9F /* Transition.swift in Sources */,
				0671D206252EFBD70087EC9F /* PushTransition.swift in Sources */,
				062A3B6B253076D400B2A5D9 /* NetworkDataProvider.swift in Sources */,
				0615D30725386AA0007C0896 /* GroupedApodsRouter.swift in Sources */,
				06A4D14E252F119800543AB4 /* ApodViewController.swift in Sources */,
				0671D1FE252EFB890087EC9F /* Animator.swift in Sources */,
				067EB8AA252F4DD700230739 /* SingleApodViewController.swift in Sources */,
				067EB88B252F43C500230739 /* Colors.swift in Sources */,
				061D561325345ED9003E3E03 /* SingleApodRoute.swift in Sources */,
				062A3B732530A03C00B2A5D9 /* String+deletingPrefix.swift in Sources */,
				067EB874252F2DC300230739 /* ReusableView.swift in Sources */,
				067E433E252F09660033F6E2 /* MainModuleBuilder.swift in Sources */,
				06A4D145252F101800543AB4 /* ApodModule.swift in Sources */,
				061D561925346005003E3E03 /* SingleApodRouter.swift in Sources */,
				0671D1FB252EFB800087EC9F /* Router.swift in Sources */,
				06C257BE252CB95F00ABA929 /* MainViewController.swift in Sources */,
				0609A64E253DF72300E2134A /* CoreDataStack.swift in Sources */,
				061D55FD253436FA003E3E03 /* HelloEternityDataModel.xcdatamodeld in Sources */,
				067E4341252F09A00033F6E2 /* MainViewModel.swift in Sources */,
				067E4345252F0A610033F6E2 /* ApodRoute.swift in Sources */,
				061D560A2534535D003E3E03 /* GroupedApodsContentView.swift in Sources */,
				06B69ADC252E0E8D00CE87DA /* MainCollectionView.swift in Sources */,
				067EB8B0252F4E5100230739 /* SingleApodViewModel.swift in Sources */,
				0607C91C2535A72C0009A476 /* StorageDataProvider.swift in Sources */,
				067EB8B3252F4E6E00230739 /* GroupedApodsViewModel.swift in Sources */,
				062A3B68253074C500B2A5D9 /* APIConstants.swift in Sources */,
				067EB88A252F43C500230739 /* Assets.swift in Sources */,
				06DBC44F2535BF38009818B8 /* MediaFilesProvider.swift in Sources */,
				061D561625345F9B003E3E03 /* SingleApodModule.swift in Sources */,
				067EB8AD252F4DFB00230739 /* GroupedApodsViewController.swift in Sources */,
				06C257BC252CB95F00ABA929 /* AppDelegate.swift in Sources */,
			);
			runOnlyForDeploymentPostprocessing = 0;
		};
/* End PBXSourcesBuildPhase section */

/* Begin PBXVariantGroup section */
		067EB877252F3FB900230739 /* Localizable.strings */ = {
			isa = PBXVariantGroup;
			children = (
				067EB878252F3FB900230739 /* Base */,
			);
			name = Localizable.strings;
			sourceTree = "<group>";
		};
		06C257C4252CB96300ABA929 /* LaunchScreen.storyboard */ = {
			isa = PBXVariantGroup;
			children = (
				06C257C5252CB96300ABA929 /* Base */,
			);
			name = LaunchScreen.storyboard;
			sourceTree = "<group>";
		};
/* End PBXVariantGroup section */

/* Begin XCBuildConfiguration section */
		06C257C8252CB96300ABA929 /* Debug */ = {
			isa = XCBuildConfiguration;
			buildSettings = {
				ALWAYS_SEARCH_USER_PATHS = NO;
				CLANG_ANALYZER_NONNULL = YES;
				CLANG_ANALYZER_NUMBER_OBJECT_CONVERSION = YES_AGGRESSIVE;
				CLANG_CXX_LANGUAGE_STANDARD = "gnu++14";
				CLANG_CXX_LIBRARY = "libc++";
				CLANG_ENABLE_MODULES = YES;
				CLANG_ENABLE_OBJC_ARC = YES;
				CLANG_ENABLE_OBJC_WEAK = YES;
				CLANG_WARN_BLOCK_CAPTURE_AUTORELEASING = YES;
				CLANG_WARN_BOOL_CONVERSION = YES;
				CLANG_WARN_COMMA = YES;
				CLANG_WARN_CONSTANT_CONVERSION = YES;
				CLANG_WARN_DEPRECATED_OBJC_IMPLEMENTATIONS = YES;
				CLANG_WARN_DIRECT_OBJC_ISA_USAGE = YES_ERROR;
				CLANG_WARN_DOCUMENTATION_COMMENTS = YES;
				CLANG_WARN_EMPTY_BODY = YES;
				CLANG_WARN_ENUM_CONVERSION = YES;
				CLANG_WARN_INFINITE_RECURSION = YES;
				CLANG_WARN_INT_CONVERSION = YES;
				CLANG_WARN_NON_LITERAL_NULL_CONVERSION = YES;
				CLANG_WARN_OBJC_IMPLICIT_RETAIN_SELF = YES;
				CLANG_WARN_OBJC_LITERAL_CONVERSION = YES;
				CLANG_WARN_OBJC_ROOT_CLASS = YES_ERROR;
				CLANG_WARN_QUOTED_INCLUDE_IN_FRAMEWORK_HEADER = YES;
				CLANG_WARN_RANGE_LOOP_ANALYSIS = YES;
				CLANG_WARN_STRICT_PROTOTYPES = YES;
				CLANG_WARN_SUSPICIOUS_MOVE = YES;
				CLANG_WARN_UNGUARDED_AVAILABILITY = YES_AGGRESSIVE;
				CLANG_WARN_UNREACHABLE_CODE = YES;
				CLANG_WARN__DUPLICATE_METHOD_MATCH = YES;
				CODE_SIGN_IDENTITY = "iPhone Developer";
				COPY_PHASE_STRIP = NO;
				DEBUG_INFORMATION_FORMAT = dwarf;
				ENABLE_STRICT_OBJC_MSGSEND = YES;
				ENABLE_TESTABILITY = YES;
				GCC_C_LANGUAGE_STANDARD = gnu11;
				GCC_DYNAMIC_NO_PIC = NO;
				GCC_NO_COMMON_BLOCKS = YES;
				GCC_OPTIMIZATION_LEVEL = 0;
				GCC_PREPROCESSOR_DEFINITIONS = (
					"DEBUG=1",
					"$(inherited)",
				);
				GCC_WARN_64_TO_32_BIT_CONVERSION = YES;
				GCC_WARN_ABOUT_RETURN_TYPE = YES_ERROR;
				GCC_WARN_UNDECLARED_SELECTOR = YES;
				GCC_WARN_UNINITIALIZED_AUTOS = YES_AGGRESSIVE;
				GCC_WARN_UNUSED_FUNCTION = YES;
				GCC_WARN_UNUSED_VARIABLE = YES;
				IPHONEOS_DEPLOYMENT_TARGET = 12.0;
				MTL_ENABLE_DEBUG_INFO = INCLUDE_SOURCE;
				MTL_FAST_MATH = YES;
				ONLY_ACTIVE_ARCH = YES;
				SDKROOT = iphoneos;
				SWIFT_ACTIVE_COMPILATION_CONDITIONS = DEBUG;
				SWIFT_OPTIMIZATION_LEVEL = "-Onone";
			};
			name = Debug;
		};
		06C257C9252CB96300ABA929 /* Release */ = {
			isa = XCBuildConfiguration;
			buildSettings = {
				ALWAYS_SEARCH_USER_PATHS = NO;
				CLANG_ANALYZER_NONNULL = YES;
				CLANG_ANALYZER_NUMBER_OBJECT_CONVERSION = YES_AGGRESSIVE;
				CLANG_CXX_LANGUAGE_STANDARD = "gnu++14";
				CLANG_CXX_LIBRARY = "libc++";
				CLANG_ENABLE_MODULES = YES;
				CLANG_ENABLE_OBJC_ARC = YES;
				CLANG_ENABLE_OBJC_WEAK = YES;
				CLANG_WARN_BLOCK_CAPTURE_AUTORELEASING = YES;
				CLANG_WARN_BOOL_CONVERSION = YES;
				CLANG_WARN_COMMA = YES;
				CLANG_WARN_CONSTANT_CONVERSION = YES;
				CLANG_WARN_DEPRECATED_OBJC_IMPLEMENTATIONS = YES;
				CLANG_WARN_DIRECT_OBJC_ISA_USAGE = YES_ERROR;
				CLANG_WARN_DOCUMENTATION_COMMENTS = YES;
				CLANG_WARN_EMPTY_BODY = YES;
				CLANG_WARN_ENUM_CONVERSION = YES;
				CLANG_WARN_INFINITE_RECURSION = YES;
				CLANG_WARN_INT_CONVERSION = YES;
				CLANG_WARN_NON_LITERAL_NULL_CONVERSION = YES;
				CLANG_WARN_OBJC_IMPLICIT_RETAIN_SELF = YES;
				CLANG_WARN_OBJC_LITERAL_CONVERSION = YES;
				CLANG_WARN_OBJC_ROOT_CLASS = YES_ERROR;
				CLANG_WARN_QUOTED_INCLUDE_IN_FRAMEWORK_HEADER = YES;
				CLANG_WARN_RANGE_LOOP_ANALYSIS = YES;
				CLANG_WARN_STRICT_PROTOTYPES = YES;
				CLANG_WARN_SUSPICIOUS_MOVE = YES;
				CLANG_WARN_UNGUARDED_AVAILABILITY = YES_AGGRESSIVE;
				CLANG_WARN_UNREACHABLE_CODE = YES;
				CLANG_WARN__DUPLICATE_METHOD_MATCH = YES;
				CODE_SIGN_IDENTITY = "iPhone Developer";
				COPY_PHASE_STRIP = NO;
				DEBUG_INFORMATION_FORMAT = "dwarf-with-dsym";
				ENABLE_NS_ASSERTIONS = NO;
				ENABLE_STRICT_OBJC_MSGSEND = YES;
				GCC_C_LANGUAGE_STANDARD = gnu11;
				GCC_NO_COMMON_BLOCKS = YES;
				GCC_WARN_64_TO_32_BIT_CONVERSION = YES;
				GCC_WARN_ABOUT_RETURN_TYPE = YES_ERROR;
				GCC_WARN_UNDECLARED_SELECTOR = YES;
				GCC_WARN_UNINITIALIZED_AUTOS = YES_AGGRESSIVE;
				GCC_WARN_UNUSED_FUNCTION = YES;
				GCC_WARN_UNUSED_VARIABLE = YES;
				IPHONEOS_DEPLOYMENT_TARGET = 12.0;
				MTL_ENABLE_DEBUG_INFO = NO;
				MTL_FAST_MATH = YES;
				SDKROOT = iphoneos;
				SWIFT_COMPILATION_MODE = wholemodule;
				SWIFT_OPTIMIZATION_LEVEL = "-O";
				VALIDATE_PRODUCT = YES;
			};
			name = Release;
		};
		06C257CB252CB96300ABA929 /* Debug */ = {
			isa = XCBuildConfiguration;
			baseConfigurationReference = C044FA886559E2D9E1BAC494 /* Pods-Hello Eternity.debug.xcconfig */;
			buildSettings = {
				ASSETCATALOG_COMPILER_APPICON_NAME = AppIcon;
				CODE_SIGN_STYLE = Automatic;
				INFOPLIST_FILE = "Hello Eternity/Resources/Info.plist";
				LD_RUNPATH_SEARCH_PATHS = (
					"$(inherited)",
					"@executable_path/Frameworks",
				);
				PRODUCT_BUNDLE_IDENTIFIER = "com.Hello-Eternity";
				PRODUCT_NAME = "$(TARGET_NAME)";
				SWIFT_VERSION = 5.0;
				TARGETED_DEVICE_FAMILY = "1,2";
			};
			name = Debug;
		};
		06C257CC252CB96300ABA929 /* Release */ = {
			isa = XCBuildConfiguration;
			baseConfigurationReference = 6188DB9552473FE9046D2282 /* Pods-Hello Eternity.release.xcconfig */;
			buildSettings = {
				ASSETCATALOG_COMPILER_APPICON_NAME = AppIcon;
				CODE_SIGN_STYLE = Automatic;
				INFOPLIST_FILE = "Hello Eternity/Resources/Info.plist";
				LD_RUNPATH_SEARCH_PATHS = (
					"$(inherited)",
					"@executable_path/Frameworks",
				);
				PRODUCT_BUNDLE_IDENTIFIER = "com.Hello-Eternity";
				PRODUCT_NAME = "$(TARGET_NAME)";
				SWIFT_VERSION = 5.0;
				TARGETED_DEVICE_FAMILY = "1,2";
			};
			name = Release;
		};
/* End XCBuildConfiguration section */

/* Begin XCConfigurationList section */
		06C257B3252CB95E00ABA929 /* Build configuration list for PBXProject "Hello Eternity" */ = {
			isa = XCConfigurationList;
			buildConfigurations = (
				06C257C8252CB96300ABA929 /* Debug */,
				06C257C9252CB96300ABA929 /* Release */,
			);
			defaultConfigurationIsVisible = 0;
			defaultConfigurationName = Release;
		};
		06C257CA252CB96300ABA929 /* Build configuration list for PBXNativeTarget "Hello Eternity" */ = {
			isa = XCConfigurationList;
			buildConfigurations = (
				06C257CB252CB96300ABA929 /* Debug */,
				06C257CC252CB96300ABA929 /* Release */,
			);
			defaultConfigurationIsVisible = 0;
			defaultConfigurationName = Release;
		};
/* End XCConfigurationList section */

/* Begin XCVersionGroup section */
		061D55FB253436FA003E3E03 /* HelloEternityDataModel.xcdatamodeld */ = {
			isa = XCVersionGroup;
			children = (
				061D55FC253436FA003E3E03 /* HelloEternityDataModel.xcdatamodel */,
			);
			currentVersion = 061D55FC253436FA003E3E03 /* HelloEternityDataModel.xcdatamodel */;
			path = HelloEternityDataModel.xcdatamodeld;
			sourceTree = "<group>";
			versionGroupType = wrapper.xcdatamodel;
		};
/* End XCVersionGroup section */
	};
	rootObject = 06C257B0252CB95E00ABA929 /* Project object */;
}
